
Microsoft Visual Studio Solution File, Format Version 12.00
# Visual Studio 14
VisualStudioVersion = 14.0.25420.1
MinimumVisualStudioVersion = 10.0.40219.1
Project("{2150E333-8FDC-42A3-9474-1A3956D46DE8}") = "src", "src", "{664C05C3-D47C-4C6B-BDA9-FCF7AB3CC83B}"
EndProject
Project("{2150E333-8FDC-42A3-9474-1A3956D46DE8}") = "Solution Items", "Solution Items", "{24998118-3CBF-48F4-9AA1-234D69D9AC4D}"
	ProjectSection(SolutionItems) = preProject
		global.json = global.json
	EndProjectSection
EndProject
Project("{8BB2217D-0F2D-49D1-97BC-3654ED321F3B}") = "Challenges", "src\Challenges\Challenges.xproj", "{722DAA4A-D301-420A-B5CE-45D198B66D68}"
EndProject
Global
	GlobalSection(SolutionConfigurationPlatforms) = preSolution
		Debug|Any CPU = Debug|Any CPU
		Release|Any CPU = Release|Any CPU
	EndGlobalSection
	GlobalSection(ProjectConfigurationPlatforms) = postSolution
		{722DAA4A-D301-420A-B5CE-45D198B66D68}.Debug|Any CPU.ActiveCfg = Debug|Any CPU
		{722DAA4A-D301-420A-B5CE-45D198B66D68}.Debug|Any CPU.Build.0 = Debug|Any CPU
		{722DAA4A-D301-420A-B5CE-45D198B66D68}.Release|Any CPU.ActiveCfg = Release|Any CPU
		{722DAA4A-D301-420A-B5CE-45D198B66D68}.Release|Any CPU.Build.0 = Release|Any CPU
	EndGlobalSection
	GlobalSection(SolutionProperties) = preSolution
		HideSolutionNode = FALSE
	EndGlobalSection
	GlobalSection(NestedProjects) = preSolution
		{722DAA4A-D301-420A-B5CE-45D198B66D68} = {664C05C3-D47C-4C6B-BDA9-FCF7AB3CC83B}
	EndGlobalSection
EndGlobal
